
Microsoft Visual Studio Solution File, Format Version 12.00
# Visual Studio Version 17
VisualStudioVersion = 17.0.31903.59
MinimumVisualStudioVersion = 10.0.40219.1
Project("{FAE04EC0-301F-11D3-BF4B-00C04F79EFBC}") = "InboxOutbox", "InboxOutbox\InboxOutbox.csproj", "{218D8F8C-EEC5-48EF-B031-6B61077A7319}"
EndProject
Project("{FAE04EC0-301F-11D3-BF4B-00C04F79EFBC}") = "DBTest", "DBTest\DBTest.csproj", "{593843F1-400B-4594-9B85-4AACD87C9CCF}"
EndProject
Global
	GlobalSection(SolutionConfigurationPlatforms) = preSolution
		Debug|Any CPU = Debug|Any CPU
		Debug|x64 = Debug|x64
		Debug|x86 = Debug|x86
		Release|Any CPU = Release|Any CPU
		Release|x64 = Release|x64
		Release|x86 = Release|x86
	EndGlobalSection
	GlobalSection(ProjectConfigurationPlatforms) = postSolution
		{218D8F8C-EEC5-48EF-B031-6B61077A7319}.Debug|Any CPU.ActiveCfg = Debug|Any CPU
		{218D8F8C-EEC5-48EF-B031-6B61077A7319}.Debug|Any CPU.Build.0 = Debug|Any CPU
		{218D8F8C-EEC5-48EF-B031-6B61077A7319}.Debug|x64.ActiveCfg = Debug|Any CPU
		{218D8F8C-EEC5-48EF-B031-6B61077A7319}.Debug|x64.Build.0 = Debug|Any CPU
		{218D8F8C-EEC5-48EF-B031-6B61077A7319}.Debug|x86.ActiveCfg = Debug|Any CPU
		{218D8F8C-EEC5-48EF-B031-6B61077A7319}.Debug|x86.Build.0 = Debug|Any CPU
		{218D8F8C-EEC5-48EF-B031-6B61077A7319}.Release|Any CPU.ActiveCfg = Release|Any CPU
		{218D8F8C-EEC5-48EF-B031-6B61077A7319}.Release|Any CPU.Build.0 = Release|Any CPU
		{218D8F8C-EEC5-48EF-B031-6B61077A7319}.Release|x64.ActiveCfg = Release|Any CPU
		{218D8F8C-EEC5-48EF-B031-6B61077A7319}.Release|x64.Build.0 = Release|Any CPU
		{218D8F8C-EEC5-48EF-B031-6B61077A7319}.Release|x86.ActiveCfg = Release|Any CPU
		{218D8F8C-EEC5-48EF-B031-6B61077A7319}.Release|x86.Build.0 = Release|Any CPU
		{593843F1-400B-4594-9B85-4AACD87C9CCF}.Debug|Any CPU.ActiveCfg = Debug|Any CPU
		{593843F1-400B-4594-9B85-4AACD87C9CCF}.Debug|Any CPU.Build.0 = Debug|Any CPU
		{593843F1-400B-4594-9B85-4AACD87C9CCF}.Debug|x64.ActiveCfg = Debug|Any CPU
		{593843F1-400B-4594-9B85-4AACD87C9CCF}.Debug|x64.Build.0 = Debug|Any CPU
		{593843F1-400B-4594-9B85-4AACD87C9CCF}.Debug|x86.ActiveCfg = Debug|Any CPU
		{593843F1-400B-4594-9B85-4AACD87C9CCF}.Debug|x86.Build.0 = Debug|Any CPU
		{593843F1-400B-4594-9B85-4AACD87C9CCF}.Release|Any CPU.ActiveCfg = Release|Any CPU
		{593843F1-400B-4594-9B85-4AACD87C9CCF}.Release|Any CPU.Build.0 = Release|Any CPU
		{593843F1-400B-4594-9B85-4AACD87C9CCF}.Release|x64.ActiveCfg = Release|Any CPU
		{593843F1-400B-4594-9B85-4AACD87C9CCF}.Release|x64.Build.0 = Release|Any CPU
		{593843F1-400B-4594-9B85-4AACD87C9CCF}.Release|x86.ActiveCfg = Release|Any CPU
		{593843F1-400B-4594-9B85-4AACD87C9CCF}.Release|x86.Build.0 = Release|Any CPU
	EndGlobalSection
	GlobalSection(SolutionProperties) = preSolution
		HideSolutionNode = FALSE
	EndGlobalSection
EndGlobal
