
Microsoft Visual Studio Solution File, Format Version 12.00
# Visual Studio Version 17
VisualStudioVersion = 17.0.31903.59
MinimumVisualStudioVersion = 10.0.40219.1
Project("{FAE04EC0-301F-11D3-BF4B-00C04F79EFBC}") = "InboxPattern", "InboxPattern\InboxPattern.csproj", "{6EDFA83A-05D8-456F-A497-B5EF0F2206D8}"
EndProject
Project("{FAE04EC0-301F-11D3-BF4B-00C04F79EFBC}") = "BusinessModels", "Model\BusinessModels.csproj", "{67128ED8-B853-445C-B2D0-A526B8B01D8F}"
EndProject
Project("{FAE04EC0-301F-11D3-BF4B-00C04F79EFBC}") = "RetriesAndExceptionsProducer", "RetriesAndExceptions\RetriesAndExceptionsProducer.csproj", "{32160E57-94A7-4E63-81B1-B3790C969D1B}"
EndProject
Project("{FAE04EC0-301F-11D3-BF4B-00C04F79EFBC}") = "RetriesAndExceptionsConsumer", "RetriesAndExceptionsConsumer\RetriesAndExceptionsConsumer.csproj", "{67FDDF43-A816-4713-9CD0-FAD08035715F}"
EndProject
Project("{FAE04EC0-301F-11D3-BF4B-00C04F79EFBC}") = "InboxPatternExcercise", "InboxPatternExcercise\InboxPatternExcercise.csproj", "{B6C03E4B-9021-4C83-B54F-E2D0F26BEFFA}"
EndProject
Global
	GlobalSection(SolutionConfigurationPlatforms) = preSolution
		Debug|Any CPU = Debug|Any CPU
		Release|Any CPU = Release|Any CPU
	EndGlobalSection
	GlobalSection(ProjectConfigurationPlatforms) = postSolution
		{6EDFA83A-05D8-456F-A497-B5EF0F2206D8}.Debug|Any CPU.ActiveCfg = Debug|Any CPU
		{6EDFA83A-05D8-456F-A497-B5EF0F2206D8}.Debug|Any CPU.Build.0 = Debug|Any CPU
		{6EDFA83A-05D8-456F-A497-B5EF0F2206D8}.Release|Any CPU.ActiveCfg = Release|Any CPU
		{6EDFA83A-05D8-456F-A497-B5EF0F2206D8}.Release|Any CPU.Build.0 = Release|Any CPU
		{67128ED8-B853-445C-B2D0-A526B8B01D8F}.Debug|Any CPU.ActiveCfg = Debug|Any CPU
		{67128ED8-B853-445C-B2D0-A526B8B01D8F}.Debug|Any CPU.Build.0 = Debug|Any CPU
		{67128ED8-B853-445C-B2D0-A526B8B01D8F}.Release|Any CPU.ActiveCfg = Release|Any CPU
		{67128ED8-B853-445C-B2D0-A526B8B01D8F}.Release|Any CPU.Build.0 = Release|Any CPU
		{32160E57-94A7-4E63-81B1-B3790C969D1B}.Debug|Any CPU.ActiveCfg = Debug|Any CPU
		{32160E57-94A7-4E63-81B1-B3790C969D1B}.Debug|Any CPU.Build.0 = Debug|Any CPU
		{32160E57-94A7-4E63-81B1-B3790C969D1B}.Release|Any CPU.ActiveCfg = Release|Any CPU
		{32160E57-94A7-4E63-81B1-B3790C969D1B}.Release|Any CPU.Build.0 = Release|Any CPU
		{67FDDF43-A816-4713-9CD0-FAD08035715F}.Debug|Any CPU.ActiveCfg = Debug|Any CPU
		{67FDDF43-A816-4713-9CD0-FAD08035715F}.Debug|Any CPU.Build.0 = Debug|Any CPU
		{67FDDF43-A816-4713-9CD0-FAD08035715F}.Release|Any CPU.ActiveCfg = Release|Any CPU
		{67FDDF43-A816-4713-9CD0-FAD08035715F}.Release|Any CPU.Build.0 = Release|Any CPU
		{B6C03E4B-9021-4C83-B54F-E2D0F26BEFFA}.Debug|Any CPU.ActiveCfg = Debug|Any CPU
		{B6C03E4B-9021-4C83-B54F-E2D0F26BEFFA}.Debug|Any CPU.Build.0 = Debug|Any CPU
		{B6C03E4B-9021-4C83-B54F-E2D0F26BEFFA}.Release|Any CPU.ActiveCfg = Release|Any CPU
		{B6C03E4B-9021-4C83-B54F-E2D0F26BEFFA}.Release|Any CPU.Build.0 = Release|Any CPU
	EndGlobalSection
	GlobalSection(SolutionProperties) = preSolution
		HideSolutionNode = FALSE
	EndGlobalSection
	GlobalSection(ExtensibilityGlobals) = postSolution
		SolutionGuid = {96A82E01-5A2C-4884-B4B8-F0B4A767242B}
	EndGlobalSection
EndGlobal
