
Microsoft Visual Studio Solution File, Format Version 12.00
# Visual Studio Version 17
VisualStudioVersion = 17.0.31903.59
MinimumVisualStudioVersion = 10.0.40219.1
Project("{FAE04EC0-301F-11D3-BF4B-00C04F79EFBC}") = "BasicConsumerApp", "BasicConsumerApp\BasicConsumerApp.csproj", "{7A365D18-9D62-4102-AFA1-8E0E95189D97}"
EndProject
Project("{FAE04EC0-301F-11D3-BF4B-00C04F79EFBC}") = "AccessControlApp", "AccessControlApp\AccessControlApp.csproj", "{361173B2-8DF7-484D-A8FC-CBB46C910BEB}"
EndProject
Project("{FAE04EC0-301F-11D3-BF4B-00C04F79EFBC}") = "BasicPublisherApp", "BasicPublisherApp\BasicPublisherApp.csproj", "{ABBCC354-FD6C-4082-9051-7DD0BFB403FE}"
EndProject
Project("{FAE04EC0-301F-11D3-BF4B-00C04F79EFBC}") = "BindingApp", "BindingApp\BindingApp.csproj", "{E2A2F769-8B1A-4617-A8A3-BF5063148009}"
EndProject
Project("{FAE04EC0-301F-11D3-BF4B-00C04F79EFBC}") = "CommandEventDataApp", "CommandEventDataApp\CommandEventDataApp.csproj", "{BE4B4D96-A0AD-4120-9CBF-D581D602C5AF}"
EndProject
Project("{FAE04EC0-301F-11D3-BF4B-00C04F79EFBC}") = "ConsumerFilteringApp", "ConsumerFilteringApp\ConsumerFilteringApp.csproj", "{4860BA4D-ADD0-4941-A694-56CCB4D3047C}"
EndProject
Project("{FAE04EC0-301F-11D3-BF4B-00C04F79EFBC}") = "ExchangeTypeApp", "ExchangeTypeApp\ExchangeTypeApp.csproj", "{383567CF-860A-40F3-A8CA-5E096439AF88}"
EndProject
Project("{FAE04EC0-301F-11D3-BF4B-00C04F79EFBC}") = "HeaderRoutingApp", "HeaderRoutingApp\HeaderRoutingApp.csproj", "{F7400F93-90DA-46E6-9D34-F59FDAF0215D}"
EndProject
Project("{FAE04EC0-301F-11D3-BF4B-00C04F79EFBC}") = "RoutingApp", "RoutingApp\RoutingApp.csproj", "{F420FBC2-CC6F-474C-9AD9-368123ADD593}"
EndProject
Project("{FAE04EC0-301F-11D3-BF4B-00C04F79EFBC}") = "SchemaApp", "SchemaApp\SchemaApp.csproj", "{AA4CCD34-4CD8-4513-8222-A18CE745F4A6}"
EndProject
Project("{FAE04EC0-301F-11D3-BF4B-00C04F79EFBC}") = "InboxOutboxPattern", "InboxOutboxPatternApp\InboxOutboxPattern.csproj", "{D1EA1C74-75A4-4F71-9B1B-1619F450448E}"
EndProject
Project("{FAE04EC0-301F-11D3-BF4B-00C04F79EFBC}") = "MonitoringTracingApp", "MonitoringTracingApp\MonitoringTracingApp.csproj", "{75BEC14C-4585-4C41-A515-B4F8C1C000B1}"
EndProject
Global
	GlobalSection(SolutionConfigurationPlatforms) = preSolution
		Debug|Any CPU = Debug|Any CPU
		Debug|x64 = Debug|x64
		Debug|x86 = Debug|x86
		Release|Any CPU = Release|Any CPU
		Release|x64 = Release|x64
		Release|x86 = Release|x86
	EndGlobalSection
	GlobalSection(ProjectConfigurationPlatforms) = postSolution
		{7A365D18-9D62-4102-AFA1-8E0E95189D97}.Debug|Any CPU.ActiveCfg = Debug|Any CPU
		{7A365D18-9D62-4102-AFA1-8E0E95189D97}.Debug|Any CPU.Build.0 = Debug|Any CPU
		{7A365D18-9D62-4102-AFA1-8E0E95189D97}.Debug|x64.ActiveCfg = Debug|Any CPU
		{7A365D18-9D62-4102-AFA1-8E0E95189D97}.Debug|x64.Build.0 = Debug|Any CPU
		{7A365D18-9D62-4102-AFA1-8E0E95189D97}.Debug|x86.ActiveCfg = Debug|Any CPU
		{7A365D18-9D62-4102-AFA1-8E0E95189D97}.Debug|x86.Build.0 = Debug|Any CPU
		{7A365D18-9D62-4102-AFA1-8E0E95189D97}.Release|Any CPU.ActiveCfg = Release|Any CPU
		{7A365D18-9D62-4102-AFA1-8E0E95189D97}.Release|Any CPU.Build.0 = Release|Any CPU
		{7A365D18-9D62-4102-AFA1-8E0E95189D97}.Release|x64.ActiveCfg = Release|Any CPU
		{7A365D18-9D62-4102-AFA1-8E0E95189D97}.Release|x64.Build.0 = Release|Any CPU
		{7A365D18-9D62-4102-AFA1-8E0E95189D97}.Release|x86.ActiveCfg = Release|Any CPU
		{7A365D18-9D62-4102-AFA1-8E0E95189D97}.Release|x86.Build.0 = Release|Any CPU
		{361173B2-8DF7-484D-A8FC-CBB46C910BEB}.Debug|Any CPU.ActiveCfg = Debug|Any CPU
		{361173B2-8DF7-484D-A8FC-CBB46C910BEB}.Debug|Any CPU.Build.0 = Debug|Any CPU
		{361173B2-8DF7-484D-A8FC-CBB46C910BEB}.Debug|x64.ActiveCfg = Debug|Any CPU
		{361173B2-8DF7-484D-A8FC-CBB46C910BEB}.Debug|x64.Build.0 = Debug|Any CPU
		{361173B2-8DF7-484D-A8FC-CBB46C910BEB}.Debug|x86.ActiveCfg = Debug|Any CPU
		{361173B2-8DF7-484D-A8FC-CBB46C910BEB}.Debug|x86.Build.0 = Debug|Any CPU
		{361173B2-8DF7-484D-A8FC-CBB46C910BEB}.Release|Any CPU.ActiveCfg = Release|Any CPU
		{361173B2-8DF7-484D-A8FC-CBB46C910BEB}.Release|Any CPU.Build.0 = Release|Any CPU
		{361173B2-8DF7-484D-A8FC-CBB46C910BEB}.Release|x64.ActiveCfg = Release|Any CPU
		{361173B2-8DF7-484D-A8FC-CBB46C910BEB}.Release|x64.Build.0 = Release|Any CPU
		{361173B2-8DF7-484D-A8FC-CBB46C910BEB}.Release|x86.ActiveCfg = Release|Any CPU
		{361173B2-8DF7-484D-A8FC-CBB46C910BEB}.Release|x86.Build.0 = Release|Any CPU
		{ABBCC354-FD6C-4082-9051-7DD0BFB403FE}.Debug|Any CPU.ActiveCfg = Debug|Any CPU
		{ABBCC354-FD6C-4082-9051-7DD0BFB403FE}.Debug|Any CPU.Build.0 = Debug|Any CPU
		{ABBCC354-FD6C-4082-9051-7DD0BFB403FE}.Debug|x64.ActiveCfg = Debug|Any CPU
		{ABBCC354-FD6C-4082-9051-7DD0BFB403FE}.Debug|x64.Build.0 = Debug|Any CPU
		{ABBCC354-FD6C-4082-9051-7DD0BFB403FE}.Debug|x86.ActiveCfg = Debug|Any CPU
		{ABBCC354-FD6C-4082-9051-7DD0BFB403FE}.Debug|x86.Build.0 = Debug|Any CPU
		{ABBCC354-FD6C-4082-9051-7DD0BFB403FE}.Release|Any CPU.ActiveCfg = Release|Any CPU
		{ABBCC354-FD6C-4082-9051-7DD0BFB403FE}.Release|Any CPU.Build.0 = Release|Any CPU
		{ABBCC354-FD6C-4082-9051-7DD0BFB403FE}.Release|x64.ActiveCfg = Release|Any CPU
		{ABBCC354-FD6C-4082-9051-7DD0BFB403FE}.Release|x64.Build.0 = Release|Any CPU
		{ABBCC354-FD6C-4082-9051-7DD0BFB403FE}.Release|x86.ActiveCfg = Release|Any CPU
		{ABBCC354-FD6C-4082-9051-7DD0BFB403FE}.Release|x86.Build.0 = Release|Any CPU
		{E2A2F769-8B1A-4617-A8A3-BF5063148009}.Debug|Any CPU.ActiveCfg = Debug|Any CPU
		{E2A2F769-8B1A-4617-A8A3-BF5063148009}.Debug|Any CPU.Build.0 = Debug|Any CPU
		{E2A2F769-8B1A-4617-A8A3-BF5063148009}.Debug|x64.ActiveCfg = Debug|Any CPU
		{E2A2F769-8B1A-4617-A8A3-BF5063148009}.Debug|x64.Build.0 = Debug|Any CPU
		{E2A2F769-8B1A-4617-A8A3-BF5063148009}.Debug|x86.ActiveCfg = Debug|Any CPU
		{E2A2F769-8B1A-4617-A8A3-BF5063148009}.Debug|x86.Build.0 = Debug|Any CPU
		{E2A2F769-8B1A-4617-A8A3-BF5063148009}.Release|Any CPU.ActiveCfg = Release|Any CPU
		{E2A2F769-8B1A-4617-A8A3-BF5063148009}.Release|Any CPU.Build.0 = Release|Any CPU
		{E2A2F769-8B1A-4617-A8A3-BF5063148009}.Release|x64.ActiveCfg = Release|Any CPU
		{E2A2F769-8B1A-4617-A8A3-BF5063148009}.Release|x64.Build.0 = Release|Any CPU
		{E2A2F769-8B1A-4617-A8A3-BF5063148009}.Release|x86.ActiveCfg = Release|Any CPU
		{E2A2F769-8B1A-4617-A8A3-BF5063148009}.Release|x86.Build.0 = Release|Any CPU
		{BE4B4D96-A0AD-4120-9CBF-D581D602C5AF}.Debug|Any CPU.ActiveCfg = Debug|Any CPU
		{BE4B4D96-A0AD-4120-9CBF-D581D602C5AF}.Debug|Any CPU.Build.0 = Debug|Any CPU
		{BE4B4D96-A0AD-4120-9CBF-D581D602C5AF}.Debug|x64.ActiveCfg = Debug|Any CPU
		{BE4B4D96-A0AD-4120-9CBF-D581D602C5AF}.Debug|x64.Build.0 = Debug|Any CPU
		{BE4B4D96-A0AD-4120-9CBF-D581D602C5AF}.Debug|x86.ActiveCfg = Debug|Any CPU
		{BE4B4D96-A0AD-4120-9CBF-D581D602C5AF}.Debug|x86.Build.0 = Debug|Any CPU
		{BE4B4D96-A0AD-4120-9CBF-D581D602C5AF}.Release|Any CPU.ActiveCfg = Release|Any CPU
		{BE4B4D96-A0AD-4120-9CBF-D581D602C5AF}.Release|Any CPU.Build.0 = Release|Any CPU
		{BE4B4D96-A0AD-4120-9CBF-D581D602C5AF}.Release|x64.ActiveCfg = Release|Any CPU
		{BE4B4D96-A0AD-4120-9CBF-D581D602C5AF}.Release|x64.Build.0 = Release|Any CPU
		{BE4B4D96-A0AD-4120-9CBF-D581D602C5AF}.Release|x86.ActiveCfg = Release|Any CPU
		{BE4B4D96-A0AD-4120-9CBF-D581D602C5AF}.Release|x86.Build.0 = Release|Any CPU
		{4860BA4D-ADD0-4941-A694-56CCB4D3047C}.Debug|Any CPU.ActiveCfg = Debug|Any CPU
		{4860BA4D-ADD0-4941-A694-56CCB4D3047C}.Debug|Any CPU.Build.0 = Debug|Any CPU
		{4860BA4D-ADD0-4941-A694-56CCB4D3047C}.Debug|x64.ActiveCfg = Debug|Any CPU
		{4860BA4D-ADD0-4941-A694-56CCB4D3047C}.Debug|x64.Build.0 = Debug|Any CPU
		{4860BA4D-ADD0-4941-A694-56CCB4D3047C}.Debug|x86.ActiveCfg = Debug|Any CPU
		{4860BA4D-ADD0-4941-A694-56CCB4D3047C}.Debug|x86.Build.0 = Debug|Any CPU
		{4860BA4D-ADD0-4941-A694-56CCB4D3047C}.Release|Any CPU.ActiveCfg = Release|Any CPU
		{4860BA4D-ADD0-4941-A694-56CCB4D3047C}.Release|Any CPU.Build.0 = Release|Any CPU
		{4860BA4D-ADD0-4941-A694-56CCB4D3047C}.Release|x64.ActiveCfg = Release|Any CPU
		{4860BA4D-ADD0-4941-A694-56CCB4D3047C}.Release|x64.Build.0 = Release|Any CPU
		{4860BA4D-ADD0-4941-A694-56CCB4D3047C}.Release|x86.ActiveCfg = Release|Any CPU
		{4860BA4D-ADD0-4941-A694-56CCB4D3047C}.Release|x86.Build.0 = Release|Any CPU
		{383567CF-860A-40F3-A8CA-5E096439AF88}.Debug|Any CPU.ActiveCfg = Debug|Any CPU
		{383567CF-860A-40F3-A8CA-5E096439AF88}.Debug|Any CPU.Build.0 = Debug|Any CPU
		{383567CF-860A-40F3-A8CA-5E096439AF88}.Debug|x64.ActiveCfg = Debug|Any CPU
		{383567CF-860A-40F3-A8CA-5E096439AF88}.Debug|x64.Build.0 = Debug|Any CPU
		{383567CF-860A-40F3-A8CA-5E096439AF88}.Debug|x86.ActiveCfg = Debug|Any CPU
		{383567CF-860A-40F3-A8CA-5E096439AF88}.Debug|x86.Build.0 = Debug|Any CPU
		{383567CF-860A-40F3-A8CA-5E096439AF88}.Release|Any CPU.ActiveCfg = Release|Any CPU
		{383567CF-860A-40F3-A8CA-5E096439AF88}.Release|Any CPU.Build.0 = Release|Any CPU
		{383567CF-860A-40F3-A8CA-5E096439AF88}.Release|x64.ActiveCfg = Release|Any CPU
		{383567CF-860A-40F3-A8CA-5E096439AF88}.Release|x64.Build.0 = Release|Any CPU
		{383567CF-860A-40F3-A8CA-5E096439AF88}.Release|x86.ActiveCfg = Release|Any CPU
		{383567CF-860A-40F3-A8CA-5E096439AF88}.Release|x86.Build.0 = Release|Any CPU
		{F7400F93-90DA-46E6-9D34-F59FDAF0215D}.Debug|Any CPU.ActiveCfg = Debug|Any CPU
		{F7400F93-90DA-46E6-9D34-F59FDAF0215D}.Debug|Any CPU.Build.0 = Debug|Any CPU
		{F7400F93-90DA-46E6-9D34-F59FDAF0215D}.Debug|x64.ActiveCfg = Debug|Any CPU
		{F7400F93-90DA-46E6-9D34-F59FDAF0215D}.Debug|x64.Build.0 = Debug|Any CPU
		{F7400F93-90DA-46E6-9D34-F59FDAF0215D}.Debug|x86.ActiveCfg = Debug|Any CPU
		{F7400F93-90DA-46E6-9D34-F59FDAF0215D}.Debug|x86.Build.0 = Debug|Any CPU
		{F7400F93-90DA-46E6-9D34-F59FDAF0215D}.Release|Any CPU.ActiveCfg = Release|Any CPU
		{F7400F93-90DA-46E6-9D34-F59FDAF0215D}.Release|Any CPU.Build.0 = Release|Any CPU
		{F7400F93-90DA-46E6-9D34-F59FDAF0215D}.Release|x64.ActiveCfg = Release|Any CPU
		{F7400F93-90DA-46E6-9D34-F59FDAF0215D}.Release|x64.Build.0 = Release|Any CPU
		{F7400F93-90DA-46E6-9D34-F59FDAF0215D}.Release|x86.ActiveCfg = Release|Any CPU
		{F7400F93-90DA-46E6-9D34-F59FDAF0215D}.Release|x86.Build.0 = Release|Any CPU
		{F420FBC2-CC6F-474C-9AD9-368123ADD593}.Debug|Any CPU.ActiveCfg = Debug|Any CPU
		{F420FBC2-CC6F-474C-9AD9-368123ADD593}.Debug|Any CPU.Build.0 = Debug|Any CPU
		{F420FBC2-CC6F-474C-9AD9-368123ADD593}.Debug|x64.ActiveCfg = Debug|Any CPU
		{F420FBC2-CC6F-474C-9AD9-368123ADD593}.Debug|x64.Build.0 = Debug|Any CPU
		{F420FBC2-CC6F-474C-9AD9-368123ADD593}.Debug|x86.ActiveCfg = Debug|Any CPU
		{F420FBC2-CC6F-474C-9AD9-368123ADD593}.Debug|x86.Build.0 = Debug|Any CPU
		{F420FBC2-CC6F-474C-9AD9-368123ADD593}.Release|Any CPU.ActiveCfg = Release|Any CPU
		{F420FBC2-CC6F-474C-9AD9-368123ADD593}.Release|Any CPU.Build.0 = Release|Any CPU
		{F420FBC2-CC6F-474C-9AD9-368123ADD593}.Release|x64.ActiveCfg = Release|Any CPU
		{F420FBC2-CC6F-474C-9AD9-368123ADD593}.Release|x64.Build.0 = Release|Any CPU
		{F420FBC2-CC6F-474C-9AD9-368123ADD593}.Release|x86.ActiveCfg = Release|Any CPU
		{F420FBC2-CC6F-474C-9AD9-368123ADD593}.Release|x86.Build.0 = Release|Any CPU
		{AA4CCD34-4CD8-4513-8222-A18CE745F4A6}.Debug|Any CPU.ActiveCfg = Debug|Any CPU
		{AA4CCD34-4CD8-4513-8222-A18CE745F4A6}.Debug|Any CPU.Build.0 = Debug|Any CPU
		{AA4CCD34-4CD8-4513-8222-A18CE745F4A6}.Debug|x64.ActiveCfg = Debug|Any CPU
		{AA4CCD34-4CD8-4513-8222-A18CE745F4A6}.Debug|x64.Build.0 = Debug|Any CPU
		{AA4CCD34-4CD8-4513-8222-A18CE745F4A6}.Debug|x86.ActiveCfg = Debug|Any CPU
		{AA4CCD34-4CD8-4513-8222-A18CE745F4A6}.Debug|x86.Build.0 = Debug|Any CPU
		{AA4CCD34-4CD8-4513-8222-A18CE745F4A6}.Release|Any CPU.ActiveCfg = Release|Any CPU
		{AA4CCD34-4CD8-4513-8222-A18CE745F4A6}.Release|Any CPU.Build.0 = Release|Any CPU
		{AA4CCD34-4CD8-4513-8222-A18CE745F4A6}.Release|x64.ActiveCfg = Release|Any CPU
		{AA4CCD34-4CD8-4513-8222-A18CE745F4A6}.Release|x64.Build.0 = Release|Any CPU
		{AA4CCD34-4CD8-4513-8222-A18CE745F4A6}.Release|x86.ActiveCfg = Release|Any CPU
		{AA4CCD34-4CD8-4513-8222-A18CE745F4A6}.Release|x86.Build.0 = Release|Any CPU
		{D1EA1C74-75A4-4F71-9B1B-1619F450448E}.Debug|Any CPU.ActiveCfg = Debug|Any CPU
		{D1EA1C74-75A4-4F71-9B1B-1619F450448E}.Debug|Any CPU.Build.0 = Debug|Any CPU
		{D1EA1C74-75A4-4F71-9B1B-1619F450448E}.Debug|x64.ActiveCfg = Debug|Any CPU
		{D1EA1C74-75A4-4F71-9B1B-1619F450448E}.Debug|x64.Build.0 = Debug|Any CPU
		{D1EA1C74-75A4-4F71-9B1B-1619F450448E}.Debug|x86.ActiveCfg = Debug|Any CPU
		{D1EA1C74-75A4-4F71-9B1B-1619F450448E}.Debug|x86.Build.0 = Debug|Any CPU
		{D1EA1C74-75A4-4F71-9B1B-1619F450448E}.Release|Any CPU.ActiveCfg = Release|Any CPU
		{D1EA1C74-75A4-4F71-9B1B-1619F450448E}.Release|Any CPU.Build.0 = Release|Any CPU
		{D1EA1C74-75A4-4F71-9B1B-1619F450448E}.Release|x64.ActiveCfg = Release|Any CPU
		{D1EA1C74-75A4-4F71-9B1B-1619F450448E}.Release|x64.Build.0 = Release|Any CPU
		{D1EA1C74-75A4-4F71-9B1B-1619F450448E}.Release|x86.ActiveCfg = Release|Any CPU
		{D1EA1C74-75A4-4F71-9B1B-1619F450448E}.Release|x86.Build.0 = Release|Any CPU
		{75BEC14C-4585-4C41-A515-B4F8C1C000B1}.Debug|Any CPU.ActiveCfg = Debug|Any CPU
		{75BEC14C-4585-4C41-A515-B4F8C1C000B1}.Debug|Any CPU.Build.0 = Debug|Any CPU
		{75BEC14C-4585-4C41-A515-B4F8C1C000B1}.Debug|x64.ActiveCfg = Debug|Any CPU
		{75BEC14C-4585-4C41-A515-B4F8C1C000B1}.Debug|x64.Build.0 = Debug|Any CPU
		{75BEC14C-4585-4C41-A515-B4F8C1C000B1}.Debug|x86.ActiveCfg = Debug|Any CPU
		{75BEC14C-4585-4C41-A515-B4F8C1C000B1}.Debug|x86.Build.0 = Debug|Any CPU
		{75BEC14C-4585-4C41-A515-B4F8C1C000B1}.Release|Any CPU.ActiveCfg = Release|Any CPU
		{75BEC14C-4585-4C41-A515-B4F8C1C000B1}.Release|Any CPU.Build.0 = Release|Any CPU
		{75BEC14C-4585-4C41-A515-B4F8C1C000B1}.Release|x64.ActiveCfg = Release|Any CPU
		{75BEC14C-4585-4C41-A515-B4F8C1C000B1}.Release|x64.Build.0 = Release|Any CPU
		{75BEC14C-4585-4C41-A515-B4F8C1C000B1}.Release|x86.ActiveCfg = Release|Any CPU
		{75BEC14C-4585-4C41-A515-B4F8C1C000B1}.Release|x86.Build.0 = Release|Any CPU
	EndGlobalSection
	GlobalSection(SolutionProperties) = preSolution
		HideSolutionNode = FALSE
	EndGlobalSection
EndGlobal
